
Microsoft Visual Studio Solution File, Format Version 12.00
# Visual Studio 15
VisualStudioVersion = 15.0.28307.1022
MinimumVisualStudioVersion = 10.0.40219.1
Project("{FAE04EC0-301F-11D3-BF4B-00C04F79EFBC}") = "Algorithms", "Algorithms\Algorithms.csproj", "{1608A37C-A21D-4DEA-A721-B094F1C63CA6}"
EndProject
Global
	GlobalSection(SolutionConfigurationPlatforms) = preSolution
		Debug|Any CPU = Debug|Any CPU
		Release|Any CPU = Release|Any CPU
	EndGlobalSection
	GlobalSection(ProjectConfigurationPlatforms) = postSolution
		{1608A37C-A21D-4DEA-A721-B094F1C63CA6}.Debug|Any CPU.ActiveCfg = Debug|Any CPU
		{1608A37C-A21D-4DEA-A721-B094F1C63CA6}.Debug|Any CPU.Build.0 = Debug|Any CPU
		{1608A37C-A21D-4DEA-A721-B094F1C63CA6}.Release|Any CPU.ActiveCfg = Release|Any CPU
		{1608A37C-A21D-4DEA-A721-B094F1C63CA6}.Release|Any CPU.Build.0 = Release|Any CPU
	EndGlobalSection
	GlobalSection(SolutionProperties) = preSolution
		HideSolutionNode = FALSE
	EndGlobalSection
	GlobalSection(ExtensibilityGlobals) = postSolution
		SolutionGuid = {8DD51395-6335-463D-B87E-36AA0477AEF2}
	EndGlobalSection
EndGlobal
